// !$*UTF8*$!
{
	archiveVersion = 1;
	classes = {
	};
	objectVersion = 50;
	objects = {

/* Begin PBXBuildFile section */
		887FB6E32215438700F8C301 /* MainTabBarController.swift in Sources */ = {isa = PBXBuildFile; fileRef = 887FB6E22215438700F8C301 /* MainTabBarController.swift */; };
		887FB6E5221547D600F8C301 /* CreateAccountCoordinator.swift in Sources */ = {isa = PBXBuildFile; fileRef = 887FB6E4221547D600F8C301 /* CreateAccountCoordinator.swift */; };
		88895DAE2213FAC400B2009E /* AppDelegate.swift in Sources */ = {isa = PBXBuildFile; fileRef = 88895DAD2213FAC400B2009E /* AppDelegate.swift */; };
		88895DB02213FAC400B2009E /* ViewController.swift in Sources */ = {isa = PBXBuildFile; fileRef = 88895DAF2213FAC400B2009E /* ViewController.swift */; };
		88895DB32213FAC400B2009E /* Main.storyboard in Resources */ = {isa = PBXBuildFile; fileRef = 88895DB12213FAC400B2009E /* Main.storyboard */; };
		88895DB52213FAC500B2009E /* Assets.xcassets in Resources */ = {isa = PBXBuildFile; fileRef = 88895DB42213FAC500B2009E /* Assets.xcassets */; };
		88895DB82213FAC500B2009E /* LaunchScreen.storyboard in Resources */ = {isa = PBXBuildFile; fileRef = 88895DB62213FAC500B2009E /* LaunchScreen.storyboard */; };
		88895DC62213FB5500B2009E /* Coordinator.swift in Sources */ = {isa = PBXBuildFile; fileRef = 88895DC52213FB5500B2009E /* Coordinator.swift */; };
		88895DC82213FB9E00B2009E /* MainCoordinator.swift in Sources */ = {isa = PBXBuildFile; fileRef = 88895DC72213FB9E00B2009E /* MainCoordinator.swift */; };
		88895DCB2213FC4000B2009E /* Storyboarded.swift in Sources */ = {isa = PBXBuildFile; fileRef = 88895DCA2213FC4000B2009E /* Storyboarded.swift */; };
		88895DCD2214031100B2009E /* BuyViewController.swift in Sources */ = {isa = PBXBuildFile; fileRef = 88895DCC2214031100B2009E /* BuyViewController.swift */; };
		88895DCF2214031F00B2009E /* CreateAccountViewController.swift in Sources */ = {isa = PBXBuildFile; fileRef = 88895DCE2214031F00B2009E /* CreateAccountViewController.swift */; };
/* End PBXBuildFile section */

/* Begin PBXFileReference section */
		887FB6E22215438700F8C301 /* MainTabBarController.swift */ = {isa = PBXFileReference; lastKnownFileType = sourcecode.swift; path = MainTabBarController.swift; sourceTree = "<group>"; };
		887FB6E4221547D600F8C301 /* CreateAccountCoordinator.swift */ = {isa = PBXFileReference; lastKnownFileType = sourcecode.swift; path = CreateAccountCoordinator.swift; sourceTree = "<group>"; };
		88895DAA2213FAC400B2009E /* Coordinator.app */ = {isa = PBXFileReference; explicitFileType = wrapper.application; includeInIndex = 0; path = Coordinator.app; sourceTree = BUILT_PRODUCTS_DIR; };
		88895DAD2213FAC400B2009E /* AppDelegate.swift */ = {isa = PBXFileReference; lastKnownFileType = sourcecode.swift; path = AppDelegate.swift; sourceTree = "<group>"; };
		88895DAF2213FAC400B2009E /* ViewController.swift */ = {isa = PBXFileReference; lastKnownFileType = sourcecode.swift; path = ViewController.swift; sourceTree = "<group>"; };
		88895DB22213FAC400B2009E /* Base */ = {isa = PBXFileReference; lastKnownFileType = file.storyboard; name = Base; path = Base.lproj/Main.storyboard; sourceTree = "<group>"; };
		88895DB42213FAC500B2009E /* Assets.xcassets */ = {isa = PBXFileReference; lastKnownFileType = folder.assetcatalog; path = Assets.xcassets; sourceTree = "<group>"; };
		88895DB72213FAC500B2009E /* Base */ = {isa = PBXFileReference; lastKnownFileType = file.storyboard; name = Base; path = Base.lproj/LaunchScreen.storyboard; sourceTree = "<group>"; };
		88895DB92213FAC500B2009E /* Info.plist */ = {isa = PBXFileReference; lastKnownFileType = text.plist.xml; path = Info.plist; sourceTree = "<group>"; };
		88895DC52213FB5500B2009E /* Coordinator.swift */ = {isa = PBXFileReference; lastKnownFileType = sourcecode.swift; path = Coordinator.swift; sourceTree = "<group>"; };
		88895DC72213FB9E00B2009E /* MainCoordinator.swift */ = {isa = PBXFileReference; lastKnownFileType = sourcecode.swift; path = MainCoordinator.swift; sourceTree = "<group>"; };
		88895DCA2213FC4000B2009E /* Storyboarded.swift */ = {isa = PBXFileReference; lastKnownFileType = sourcecode.swift; path = Storyboarded.swift; sourceTree = "<group>"; };
		88895DCC2214031100B2009E /* BuyViewController.swift */ = {isa = PBXFileReference; lastKnownFileType = sourcecode.swift; path = BuyViewController.swift; sourceTree = "<group>"; };
		88895DCE2214031F00B2009E /* CreateAccountViewController.swift */ = {isa = PBXFileReference; lastKnownFileType = sourcecode.swift; path = CreateAccountViewController.swift; sourceTree = "<group>"; };
/* End PBXFileReference section */

/* Begin PBXFrameworksBuildPhase section */
		88895DA72213FAC400B2009E /* Frameworks */ = {
			isa = PBXFrameworksBuildPhase;
			buildActionMask = 2147483647;
			files = (
			);
			runOnlyForDeploymentPostprocessing = 0;
		};
/* End PBXFrameworksBuildPhase section */

/* Begin PBXGroup section */
		88895DA12213FAC400B2009E = {
			isa = PBXGroup;
			children = (
				88895DAC2213FAC400B2009E /* Coordinator */,
				88895DAB2213FAC400B2009E /* Products */,
			);
			sourceTree = "<group>";
		};
		88895DAB2213FAC400B2009E /* Products */ = {
			isa = PBXGroup;
			children = (
				88895DAA2213FAC400B2009E /* Coordinator.app */,
			);
			name = Products;
			sourceTree = "<group>";
		};
		88895DAC2213FAC400B2009E /* Coordinator */ = {
			isa = PBXGroup;
			children = (
				88895DBF2213FAD000B2009E /* App */,
				88895DC02213FADA00B2009E /* Controllers */,
				88895DC42213FB3D00B2009E /* Coordinators */,
				88895DC92213FC3000B2009E /* Helper */,
				88895DC12213FAE700B2009E /* Supporting Files */,
				88895DC22213FAFA00B2009E /* Sources */,
				88895DC32213FB0700B2009E /* Storyboards */,
			);
			path = Coordinator;
			sourceTree = "<group>";
		};
		88895DBF2213FAD000B2009E /* App */ = {
			isa = PBXGroup;
			children = (
				88895DAD2213FAC400B2009E /* AppDelegate.swift */,
			);
			path = App;
			sourceTree = "<group>";
		};
		88895DC02213FADA00B2009E /* Controllers */ = {
			isa = PBXGroup;
			children = (
				88895DAF2213FAC400B2009E /* ViewController.swift */,
				88895DCC2214031100B2009E /* BuyViewController.swift */,
				88895DCE2214031F00B2009E /* CreateAccountViewController.swift */,
				887FB6E22215438700F8C301 /* MainTabBarController.swift */,
			);
			path = Controllers;
			sourceTree = "<group>";
		};
		88895DC12213FAE700B2009E /* Supporting Files */ = {
			isa = PBXGroup;
			children = (
				88895DB62213FAC500B2009E /* LaunchScreen.storyboard */,
				88895DB92213FAC500B2009E /* Info.plist */,
			);
			path = "Supporting Files";
			sourceTree = "<group>";
		};
		88895DC22213FAFA00B2009E /* Sources */ = {
			isa = PBXGroup;
			children = (
				88895DB42213FAC500B2009E /* Assets.xcassets */,
			);
			path = Sources;
			sourceTree = "<group>";
		};
		88895DC32213FB0700B2009E /* Storyboards */ = {
			isa = PBXGroup;
			children = (
				88895DB12213FAC400B2009E /* Main.storyboard */,
			);
			path = Storyboards;
			sourceTree = "<group>";
		};
		88895DC42213FB3D00B2009E /* Coordinators */ = {
			isa = PBXGroup;
			children = (
				88895DC52213FB5500B2009E /* Coordinator.swift */,
				88895DC72213FB9E00B2009E /* MainCoordinator.swift */,
				887FB6E4221547D600F8C301 /* CreateAccountCoordinator.swift */,
			);
			path = Coordinators;
			sourceTree = "<group>";
		};
		88895DC92213FC3000B2009E /* Helper */ = {
			isa = PBXGroup;
			children = (
				88895DCA2213FC4000B2009E /* Storyboarded.swift */,
			);
			path = Helper;
			sourceTree = "<group>";
		};
/* End PBXGroup section */

/* Begin PBXNativeTarget section */
		88895DA92213FAC400B2009E /* Coordinator */ = {
			isa = PBXNativeTarget;
			buildConfigurationList = 88895DBC2213FAC500B2009E /* Build configuration list for PBXNativeTarget "Coordinator" */;
			buildPhases = (
				88895DA62213FAC400B2009E /* Sources */,
				88895DA72213FAC400B2009E /* Frameworks */,
				88895DA82213FAC400B2009E /* Resources */,
			);
			buildRules = (
			);
			dependencies = (
			);
			name = Coordinator;
			productName = Coordinator;
			productReference = 88895DAA2213FAC400B2009E /* Coordinator.app */;
			productType = "com.apple.product-type.application";
		};
/* End PBXNativeTarget section */

/* Begin PBXProject section */
		88895DA22213FAC400B2009E /* Project object */ = {
			isa = PBXProject;
			attributes = {
				LastSwiftUpdateCheck = 1010;
				LastUpgradeCheck = 1010;
				ORGANIZATIONNAME = "Erkam Kucet";
				TargetAttributes = {
					88895DA92213FAC400B2009E = {
						CreatedOnToolsVersion = 10.1;
					};
				};
			};
			buildConfigurationList = 88895DA52213FAC400B2009E /* Build configuration list for PBXProject "Coordinator" */;
			compatibilityVersion = "Xcode 9.3";
			developmentRegion = en;
			hasScannedForEncodings = 0;
			knownRegions = (
				en,
				Base,
			);
			mainGroup = 88895DA12213FAC400B2009E;
			productRefGroup = 88895DAB2213FAC400B2009E /* Products */;
			projectDirPath = "";
			projectRoot = "";
			targets = (
				88895DA92213FAC400B2009E /* Coordinator */,
			);
		};
/* End PBXProject section */

/* Begin PBXResourcesBuildPhase section */
		88895DA82213FAC400B2009E /* Resources */ = {
			isa = PBXResourcesBuildPhase;
			buildActionMask = 2147483647;
			files = (
				88895DB82213FAC500B2009E /* LaunchScreen.storyboard in Resources */,
				88895DB52213FAC500B2009E /* Assets.xcassets in Resources */,
				88895DB32213FAC400B2009E /* Main.storyboard in Resources */,
			);
			runOnlyForDeploymentPostprocessing = 0;
		};
/* End PBXResourcesBuildPhase section */

/* Begin PBXSourcesBuildPhase section */
		88895DA62213FAC400B2009E /* Sources */ = {
			isa = PBXSourcesBuildPhase;
			buildActionMask = 2147483647;
			files = (
				88895DCF2214031F00B2009E /* CreateAccountViewController.swift in Sources */,
				88895DB02213FAC400B2009E /* ViewController.swift in Sources */,
				887FB6E32215438700F8C301 /* MainTabBarController.swift in Sources */,
				88895DC82213FB9E00B2009E /* MainCoordinator.swift in Sources */,
				88895DCB2213FC4000B2009E /* Storyboarded.swift in Sources */,
				887FB6E5221547D600F8C301 /* CreateAccountCoordinator.swift in Sources */,
				88895DAE2213FAC400B2009E /* AppDelegate.swift in Sources */,
				88895DC62213FB5500B2009E /* Coordinator.swift in Sources */,
				88895DCD2214031100B2009E /* BuyViewController.swift in Sources */,
			);
			runOnlyForDeploymentPostprocessing = 0;
		};
/* End PBXSourcesBuildPhase section */

/* Begin PBXVariantGroup section */
		88895DB12213FAC400B2009E /* Main.storyboard */ = {
			isa = PBXVariantGroup;
			children = (
				88895DB22213FAC400B2009E /* Base */,
			);
			name = Main.storyboard;
			sourceTree = "<group>";
		};
		88895DB62213FAC500B2009E /* LaunchScreen.storyboard */ = {
			isa = PBXVariantGroup;
			children = (
				88895DB72213FAC500B2009E /* Base */,
			);
			name = LaunchScreen.storyboard;
			sourceTree = "<group>";
		};
/* End PBXVariantGroup section */

/* Begin XCBuildConfiguration section */
		88895DBA2213FAC500B2009E /* Debug */ = {
			isa = XCBuildConfiguration;
			buildSettings = {
				ALWAYS_SEARCH_USER_PATHS = NO;
				CLANG_ANALYZER_NONNULL = YES;
				CLANG_ANALYZER_NUMBER_OBJECT_CONVERSION = YES_AGGRESSIVE;
				CLANG_CXX_LANGUAGE_STANDARD = "gnu++14";
				CLANG_CXX_LIBRARY = "libc++";
				CLANG_ENABLE_MODULES = YES;
				CLANG_ENABLE_OBJC_ARC = YES;
				CLANG_ENABLE_OBJC_WEAK = YES;
				CLANG_WARN_BLOCK_CAPTURE_AUTORELEASING = YES;
				CLANG_WARN_BOOL_CONVERSION = YES;
				CLANG_WARN_COMMA = YES;
				CLANG_WARN_CONSTANT_CONVERSION = YES;
				CLANG_WARN_DEPRECATED_OBJC_IMPLEMENTATIONS = YES;
				CLANG_WARN_DIRECT_OBJC_ISA_USAGE = YES_ERROR;
				CLANG_WARN_DOCUMENTATION_COMMENTS = YES;
				CLANG_WARN_EMPTY_BODY = YES;
				CLANG_WARN_ENUM_CONVERSION = YES;
				CLANG_WARN_INFINITE_RECURSION = YES;
				CLANG_WARN_INT_CONVERSION = YES;
				CLANG_WARN_NON_LITERAL_NULL_CONVERSION = YES;
				CLANG_WARN_OBJC_IMPLICIT_RETAIN_SELF = YES;
				CLANG_WARN_OBJC_LITERAL_CONVERSION = YES;
				CLANG_WARN_OBJC_ROOT_CLASS = YES_ERROR;
				CLANG_WARN_RANGE_LOOP_ANALYSIS = YES;
				CLANG_WARN_STRICT_PROTOTYPES = YES;
				CLANG_WARN_SUSPICIOUS_MOVE = YES;
				CLANG_WARN_UNGUARDED_AVAILABILITY = YES_AGGRESSIVE;
				CLANG_WARN_UNREACHABLE_CODE = YES;
				CLANG_WARN__DUPLICATE_METHOD_MATCH = YES;
				CODE_SIGN_IDENTITY = "iPhone Developer";
				COPY_PHASE_STRIP = NO;
				DEBUG_INFORMATION_FORMAT = dwarf;
				ENABLE_STRICT_OBJC_MSGSEND = YES;
				ENABLE_TESTABILITY = YES;
				GCC_C_LANGUAGE_STANDARD = gnu11;
				GCC_DYNAMIC_NO_PIC = NO;
				GCC_NO_COMMON_BLOCKS = YES;
				GCC_OPTIMIZATION_LEVEL = 0;
				GCC_PREPROCESSOR_DEFINITIONS = (
					"DEBUG=1",
					"$(inherited)",
				);
				GCC_WARN_64_TO_32_BIT_CONVERSION = YES;
				GCC_WARN_ABOUT_RETURN_TYPE = YES_ERROR;
				GCC_WARN_UNDECLARED_SELECTOR = YES;
				GCC_WARN_UNINITIALIZED_AUTOS = YES_AGGRESSIVE;
				GCC_WARN_UNUSED_FUNCTION = YES;
				GCC_WARN_UNUSED_VARIABLE = YES;
				IPHONEOS_DEPLOYMENT_TARGET = 12.1;
				MTL_ENABLE_DEBUG_INFO = INCLUDE_SOURCE;
				MTL_FAST_MATH = YES;
				ONLY_ACTIVE_ARCH = YES;
				SDKROOT = iphoneos;
				SWIFT_ACTIVE_COMPILATION_CONDITIONS = DEBUG;
				SWIFT_OPTIMIZATION_LEVEL = "-Onone";
			};
			name = Debug;
		};
		88895DBB2213FAC500B2009E /* Release */ = {
			isa = XCBuildConfiguration;
			buildSettings = {
				ALWAYS_SEARCH_USER_PATHS = NO;
				CLANG_ANALYZER_NONNULL = YES;
				CLANG_ANALYZER_NUMBER_OBJECT_CONVERSION = YES_AGGRESSIVE;
				CLANG_CXX_LANGUAGE_STANDARD = "gnu++14";
				CLANG_CXX_LIBRARY = "libc++";
				CLANG_ENABLE_MODULES = YES;
				CLANG_ENABLE_OBJC_ARC = YES;
				CLANG_ENABLE_OBJC_WEAK = YES;
				CLANG_WARN_BLOCK_CAPTURE_AUTORELEASING = YES;
				CLANG_WARN_BOOL_CONVERSION = YES;
				CLANG_WARN_COMMA = YES;
				CLANG_WARN_CONSTANT_CONVERSION = YES;
				CLANG_WARN_DEPRECATED_OBJC_IMPLEMENTATIONS = YES;
				CLANG_WARN_DIRECT_OBJC_ISA_USAGE = YES_ERROR;
				CLANG_WARN_DOCUMENTATION_COMMENTS = YES;
				CLANG_WARN_EMPTY_BODY = YES;
				CLANG_WARN_ENUM_CONVERSION = YES;
				CLANG_WARN_INFINITE_RECURSION = YES;
				CLANG_WARN_INT_CONVERSION = YES;
				CLANG_WARN_NON_LITERAL_NULL_CONVERSION = YES;
				CLANG_WARN_OBJC_IMPLICIT_RETAIN_SELF = YES;
				CLANG_WARN_OBJC_LITERAL_CONVERSION = YES;
				CLANG_WARN_OBJC_ROOT_CLASS = YES_ERROR;
				CLANG_WARN_RANGE_LOOP_ANALYSIS = YES;
				CLANG_WARN_STRICT_PROTOTYPES = YES;
				CLANG_WARN_SUSPICIOUS_MOVE = YES;
				CLANG_WARN_UNGUARDED_AVAILABILITY = YES_AGGRESSIVE;
				CLANG_WARN_UNREACHABLE_CODE = YES;
				CLANG_WARN__DUPLICATE_METHOD_MATCH = YES;
				CODE_SIGN_IDENTITY = "iPhone Developer";
				COPY_PHASE_STRIP = NO;
				DEBUG_INFORMATION_FORMAT = "dwarf-with-dsym";
				ENABLE_NS_ASSERTIONS = NO;
				ENABLE_STRICT_OBJC_MSGSEND = YES;
				GCC_C_LANGUAGE_STANDARD = gnu11;
				GCC_NO_COMMON_BLOCKS = YES;
				GCC_WARN_64_TO_32_BIT_CONVERSION = YES;
				GCC_WARN_ABOUT_RETURN_TYPE = YES_ERROR;
				GCC_WARN_UNDECLARED_SELECTOR = YES;
				GCC_WARN_UNINITIALIZED_AUTOS = YES_AGGRESSIVE;
				GCC_WARN_UNUSED_FUNCTION = YES;
				GCC_WARN_UNUSED_VARIABLE = YES;
				IPHONEOS_DEPLOYMENT_TARGET = 12.1;
				MTL_ENABLE_DEBUG_INFO = NO;
				MTL_FAST_MATH = YES;
				SDKROOT = iphoneos;
				SWIFT_COMPILATION_MODE = wholemodule;
				SWIFT_OPTIMIZATION_LEVEL = "-O";
				VALIDATE_PRODUCT = YES;
			};
			name = Release;
		};
		88895DBD2213FAC500B2009E /* Debug */ = {
			isa = XCBuildConfiguration;
			buildSettings = {
				ASSETCATALOG_COMPILER_APPICON_NAME = AppIcon;
				CODE_SIGN_STYLE = Automatic;
				INFOPLIST_FILE = "$(SRCROOT)/Coordinator/Supporting Files/Info.plist";
				LD_RUNPATH_SEARCH_PATHS = (
					"$(inherited)",
					"@executable_path/Frameworks",
				);
				PRODUCT_BUNDLE_IDENTIFIER = com.dhmi.Coordinator;
				PRODUCT_NAME = "$(TARGET_NAME)";
				SWIFT_VERSION = 4.2;
				TARGETED_DEVICE_FAMILY = "1,2";
			};
			name = Debug;
		};
		88895DBE2213FAC500B2009E /* Release */ = {
			isa = XCBuildConfiguration;
			buildSettings = {
				ASSETCATALOG_COMPILER_APPICON_NAME = AppIcon;
				CODE_SIGN_STYLE = Automatic;
				INFOPLIST_FILE = "$(SRCROOT)/Coordinator/Supporting Files/Info.plist";
				LD_RUNPATH_SEARCH_PATHS = (
					"$(inherited)",
					"@executable_path/Frameworks",
				);
				PRODUCT_BUNDLE_IDENTIFIER = com.dhmi.Coordinator;
				PRODUCT_NAME = "$(TARGET_NAME)";
				SWIFT_VERSION = 4.2;
				TARGETED_DEVICE_FAMILY = "1,2";
			};
			name = Release;
		};
/* End XCBuildConfiguration section */

/* Begin XCConfigurationList section */
		88895DA52213FAC400B2009E /* Build configuration list for PBXProject "Coordinator" */ = {
			isa = XCConfigurationList;
			buildConfigurations = (
				88895DBA2213FAC500B2009E /* Debug */,
				88895DBB2213FAC500B2009E /* Release */,
			);
			defaultConfigurationIsVisible = 0;
			defaultConfigurationName = Release;
		};
		88895DBC2213FAC500B2009E /* Build configuration list for PBXNativeTarget "Coordinator" */ = {
			isa = XCConfigurationList;
			buildConfigurations = (
				88895DBD2213FAC500B2009E /* Debug */,
				88895DBE2213FAC500B2009E /* Release */,
			);
			defaultConfigurationIsVisible = 0;
			defaultConfigurationName = Release;
		};
/* End XCConfigurationList section */
	};
	rootObject = 88895DA22213FAC400B2009E /* Project object */;
}
